// !$*UTF8*$!
{
	archiveVersion = 1;
	classes = {
	};
	objectVersion = 55;
	objects = {

/* Begin PBXBuildFile section */
		FA633D1A28814FFF00812927 /* MediaObjects.swift in Sources */ = {isa = PBXBuildFile; fileRef = FA633D1928814FFF00812927 /* MediaObjects.swift */; };
		FA633D1C2881607B00812927 /* VideoCollectionViewCell.swift in Sources */ = {isa = PBXBuildFile; fileRef = FA633D1B2881607B00812927 /* VideoCollectionViewCell.swift */; };
		FA633D2028819F5700812927 /* MediaObjectSingleton.swift in Sources */ = {isa = PBXBuildFile; fileRef = FA633D1F28819F5700812927 /* MediaObjectSingleton.swift */; };
		FA75E482286F205900F4854F /* CustomButton.swift in Sources */ = {isa = PBXBuildFile; fileRef = FA75E481286F205900F4854F /* CustomButton.swift */; };
		FA75E484286F22E000F4854F /* CornerRadius.swift in Sources */ = {isa = PBXBuildFile; fileRef = FA75E483286F22E000F4854F /* CornerRadius.swift */; };
		FA75E488286F6E1D00F4854F /* CameraViewController.xib in Resources */ = {isa = PBXBuildFile; fileRef = FA75E487286F6E1D00F4854F /* CameraViewController.xib */; };
		FA75E48A286F6F1300F4854F /* CameraConfiguration.swift in Sources */ = {isa = PBXBuildFile; fileRef = FA75E489286F6F1300F4854F /* CameraConfiguration.swift */; };
		FA75E48E286F6FCB00F4854F /* CameraViewController.swift in Sources */ = {isa = PBXBuildFile; fileRef = FA75E48D286F6FCB00F4854F /* CameraViewController.swift */; };
		FA75E49028704A3B00F4854F /* PopUpWindow.swift in Sources */ = {isa = PBXBuildFile; fileRef = FA75E48F28704A3B00F4854F /* PopUpWindow.swift */; };
		FA96EA3D2882B446004FB338 /* URL+VideoPreviewThumbnail.swift in Sources */ = {isa = PBXBuildFile; fileRef = FA96EA3C2882B446004FB338 /* URL+VideoPreviewThumbnail.swift */; };
		FAAFAF93286E107D002B2154 /* AppDelegate.swift in Sources */ = {isa = PBXBuildFile; fileRef = FAAFAF92286E107C002B2154 /* AppDelegate.swift */; };
		FAAFAF95286E107D002B2154 /* SceneDelegate.swift in Sources */ = {isa = PBXBuildFile; fileRef = FAAFAF94286E107D002B2154 /* SceneDelegate.swift */; };
		FAAFAF97286E107D002B2154 /* HomeViewController.swift in Sources */ = {isa = PBXBuildFile; fileRef = FAAFAF96286E107D002B2154 /* HomeViewController.swift */; };
		FAAFAF9A286E107D002B2154 /* Main.storyboard in Resources */ = {isa = PBXBuildFile; fileRef = FAAFAF98286E107D002B2154 /* Main.storyboard */; };
		FAAFAF9C286E107E002B2154 /* Assets.xcassets in Resources */ = {isa = PBXBuildFile; fileRef = FAAFAF9B286E107E002B2154 /* Assets.xcassets */; };
		FAAFAF9F286E107E002B2154 /* LaunchScreen.storyboard in Resources */ = {isa = PBXBuildFile; fileRef = FAAFAF9D286E107E002B2154 /* LaunchScreen.storyboard */; };
		FAAFAFA8286E1D25002B2154 /* Extensions.swift in Sources */ = {isa = PBXBuildFile; fileRef = FAAFAFA7286E1D25002B2154 /* Extensions.swift */; };
		FAAFAFB2286E1EA3002B2154 /* Utilities.swift in Sources */ = {isa = PBXBuildFile; fileRef = FAAFAFB1286E1EA3002B2154 /* Utilities.swift */; };
		FADBB4892874B44500AC0D32 /* RecordingListViewController.swift in Sources */ = {isa = PBXBuildFile; fileRef = FADBB4882874B44500AC0D32 /* RecordingListViewController.swift */; };
/* End PBXBuildFile section */

/* Begin PBXFileReference section */
		FA633D1928814FFF00812927 /* MediaObjects.swift */ = {isa = PBXFileReference; lastKnownFileType = sourcecode.swift; path = MediaObjects.swift; sourceTree = "<group>"; };
		FA633D1B2881607B00812927 /* VideoCollectionViewCell.swift */ = {isa = PBXFileReference; lastKnownFileType = sourcecode.swift; path = VideoCollectionViewCell.swift; sourceTree = "<group>"; };
		FA633D1F28819F5700812927 /* MediaObjectSingleton.swift */ = {isa = PBXFileReference; lastKnownFileType = sourcecode.swift; path = MediaObjectSingleton.swift; sourceTree = "<group>"; };
		FA75E481286F205900F4854F /* CustomButton.swift */ = {isa = PBXFileReference; lastKnownFileType = sourcecode.swift; path = CustomButton.swift; sourceTree = "<group>"; };
		FA75E483286F22E000F4854F /* CornerRadius.swift */ = {isa = PBXFileReference; lastKnownFileType = sourcecode.swift; path = CornerRadius.swift; sourceTree = "<group>"; };
		FA75E487286F6E1D00F4854F /* CameraViewController.xib */ = {isa = PBXFileReference; fileEncoding = 4; lastKnownFileType = file.xib; path = CameraViewController.xib; sourceTree = "<group>"; };
		FA75E489286F6F1300F4854F /* CameraConfiguration.swift */ = {isa = PBXFileReference; lastKnownFileType = sourcecode.swift; path = CameraConfiguration.swift; sourceTree = "<group>"; };
		FA75E48D286F6FCB00F4854F /* CameraViewController.swift */ = {isa = PBXFileReference; lastKnownFileType = sourcecode.swift; path = CameraViewController.swift; sourceTree = "<group>"; };
		FA75E48F28704A3B00F4854F /* PopUpWindow.swift */ = {isa = PBXFileReference; lastKnownFileType = sourcecode.swift; path = PopUpWindow.swift; sourceTree = "<group>"; };
		FA96EA3C2882B446004FB338 /* URL+VideoPreviewThumbnail.swift */ = {isa = PBXFileReference; lastKnownFileType = sourcecode.swift; path = "URL+VideoPreviewThumbnail.swift"; sourceTree = "<group>"; };
		FAAFAF8F286E107C002B2154 /* AR Camera.app */ = {isa = PBXFileReference; explicitFileType = wrapper.application; includeInIndex = 0; path = "AR Camera.app"; sourceTree = BUILT_PRODUCTS_DIR; };
		FAAFAF92286E107C002B2154 /* AppDelegate.swift */ = {isa = PBXFileReference; lastKnownFileType = sourcecode.swift; path = AppDelegate.swift; sourceTree = "<group>"; };
		FAAFAF94286E107D002B2154 /* SceneDelegate.swift */ = {isa = PBXFileReference; lastKnownFileType = sourcecode.swift; path = SceneDelegate.swift; sourceTree = "<group>"; };
		FAAFAF96286E107D002B2154 /* HomeViewController.swift */ = {isa = PBXFileReference; lastKnownFileType = sourcecode.swift; path = HomeViewController.swift; sourceTree = "<group>"; };
		FAAFAF99286E107D002B2154 /* Base */ = {isa = PBXFileReference; lastKnownFileType = file.storyboard; name = Base; path = Base.lproj/Main.storyboard; sourceTree = "<group>"; };
		FAAFAF9B286E107E002B2154 /* Assets.xcassets */ = {isa = PBXFileReference; lastKnownFileType = folder.assetcatalog; path = Assets.xcassets; sourceTree = "<group>"; };
		FAAFAF9E286E107E002B2154 /* Base */ = {isa = PBXFileReference; lastKnownFileType = file.storyboard; name = Base; path = Base.lproj/LaunchScreen.storyboard; sourceTree = "<group>"; };
		FAAFAFA0286E107E002B2154 /* Info.plist */ = {isa = PBXFileReference; lastKnownFileType = text.plist.xml; path = Info.plist; sourceTree = "<group>"; };
		FAAFAFA7286E1D25002B2154 /* Extensions.swift */ = {isa = PBXFileReference; lastKnownFileType = sourcecode.swift; path = Extensions.swift; sourceTree = "<group>"; };
		FAAFAFB1286E1EA3002B2154 /* Utilities.swift */ = {isa = PBXFileReference; lastKnownFileType = sourcecode.swift; path = Utilities.swift; sourceTree = "<group>"; };
		FADBB4882874B44500AC0D32 /* RecordingListViewController.swift */ = {isa = PBXFileReference; lastKnownFileType = sourcecode.swift; path = RecordingListViewController.swift; sourceTree = "<group>"; };
/* End PBXFileReference section */

/* Begin PBXFrameworksBuildPhase section */
		FAAFAF8C286E107C002B2154 /* Frameworks */ = {
			isa = PBXFrameworksBuildPhase;
			buildActionMask = 2147483647;
			files = (
			);
			runOnlyForDeploymentPostprocessing = 0;
		};
/* End PBXFrameworksBuildPhase section */

/* Begin PBXGroup section */
		FA633D1E28819F3A00812927 /* Singleton */ = {
			isa = PBXGroup;
			children = (
				FA633D1F28819F5700812927 /* MediaObjectSingleton.swift */,
			);
			path = Singleton;
			sourceTree = "<group>";
		};
		FA96EA3E2882B465004FB338 /* Extensions */ = {
			isa = PBXGroup;
			children = (
				FAAFAFA7286E1D25002B2154 /* Extensions.swift */,
				FA96EA3C2882B446004FB338 /* URL+VideoPreviewThumbnail.swift */,
			);
			path = Extensions;
			sourceTree = "<group>";
		};
		FA96EA3F2882CE38004FB338 /* CollectionViewCell */ = {
			isa = PBXGroup;
			children = (
				FA633D1B2881607B00812927 /* VideoCollectionViewCell.swift */,
			);
			path = CollectionViewCell;
			sourceTree = "<group>";
		};
		FA96EA402882CE77004FB338 /* OtherViews */ = {
			isa = PBXGroup;
			children = (
				FA75E48F28704A3B00F4854F /* PopUpWindow.swift */,
				FA75E489286F6F1300F4854F /* CameraConfiguration.swift */,
				FA75E481286F205900F4854F /* CustomButton.swift */,
			);
			path = OtherViews;
			sourceTree = "<group>";
		};
		FAAFAF86286E107C002B2154 = {
			isa = PBXGroup;
			children = (
				FAAFAF91286E107C002B2154 /* AR Camera */,
				FAAFAF90286E107C002B2154 /* Products */,
			);
			sourceTree = "<group>";
		};
		FAAFAF90286E107C002B2154 /* Products */ = {
			isa = PBXGroup;
			children = (
				FAAFAF8F286E107C002B2154 /* AR Camera.app */,
			);
			name = Products;
			sourceTree = "<group>";
		};
		FAAFAF91286E107C002B2154 /* AR Camera */ = {
			isa = PBXGroup;
			children = (
				FA633D1E28819F3A00812927 /* Singleton */,
				FAAFAFAE286E1DED002B2154 /* Views */,
				FAAFAFAD286E1DD7002B2154 /* Models */,
				FAAFAFA9286E1D6A002B2154 /* Controllers */,
				FAAFAFA6286E1CE5002B2154 /* Resources */,
				FAAFAFA0286E107E002B2154 /* Info.plist */,
			);
			path = "AR Camera";
			sourceTree = "<group>";
		};
		FAAFAFA6286E1CE5002B2154 /* Resources */ = {
			isa = PBXGroup;
			children = (
				FA96EA3E2882B465004FB338 /* Extensions */,
				FAAFAFB0286E1E41002B2154 /* Helpers */,
				FAAFAF94286E107D002B2154 /* SceneDelegate.swift */,
				FAAFAF92286E107C002B2154 /* AppDelegate.swift */,
			);
			path = Resources;
			sourceTree = "<group>";
		};
		FAAFAFA9286E1D6A002B2154 /* Controllers */ = {
			isa = PBXGroup;
			children = (
				FAAFAFAC286E1DCA002B2154 /* Core Tabs */,
				FAAFAFAB286E1DA2002B2154 /* General */,
			);
			path = Controllers;
			sourceTree = "<group>";
		};
		FAAFAFAB286E1DA2002B2154 /* General */ = {
			isa = PBXGroup;
			children = (
				FAAFAF96286E107D002B2154 /* HomeViewController.swift */,
			);
			path = General;
			sourceTree = "<group>";
		};
		FAAFAFAC286E1DCA002B2154 /* Core Tabs */ = {
			isa = PBXGroup;
			children = (
				FA75E487286F6E1D00F4854F /* CameraViewController.xib */,
				FA75E48D286F6FCB00F4854F /* CameraViewController.swift */,
				FADBB4882874B44500AC0D32 /* RecordingListViewController.swift */,
			);
			path = "Core Tabs";
			sourceTree = "<group>";
		};
		FAAFAFAD286E1DD7002B2154 /* Models */ = {
			isa = PBXGroup;
			children = (
				FA633D1928814FFF00812927 /* MediaObjects.swift */,
			);
			path = Models;
			sourceTree = "<group>";
		};
		FAAFAFAE286E1DED002B2154 /* Views */ = {
			isa = PBXGroup;
			children = (
				FA96EA402882CE77004FB338 /* OtherViews */,
				FA96EA3F2882CE38004FB338 /* CollectionViewCell */,
				FAAFAF9B286E107E002B2154 /* Assets.xcassets */,
				FAAFAFAF286E1DF5002B2154 /* Storyboards */,
			);
			path = Views;
			sourceTree = "<group>";
		};
		FAAFAFAF286E1DF5002B2154 /* Storyboards */ = {
			isa = PBXGroup;
			children = (
				FAAFAF9D286E107E002B2154 /* LaunchScreen.storyboard */,
				FAAFAF98286E107D002B2154 /* Main.storyboard */,
			);
			path = Storyboards;
			sourceTree = "<group>";
		};
		FAAFAFB0286E1E41002B2154 /* Helpers */ = {
			isa = PBXGroup;
			children = (
				FAAFAFB1286E1EA3002B2154 /* Utilities.swift */,
				FA75E483286F22E000F4854F /* CornerRadius.swift */,
			);
			path = Helpers;
			sourceTree = "<group>";
		};
/* End PBXGroup section */

/* Begin PBXNativeTarget section */
		FAAFAF8E286E107C002B2154 /* AR Camera */ = {
			isa = PBXNativeTarget;
			buildConfigurationList = FAAFAFA3286E107E002B2154 /* Build configuration list for PBXNativeTarget "AR Camera" */;
			buildPhases = (
				FAAFAF8B286E107C002B2154 /* Sources */,
				FAAFAF8C286E107C002B2154 /* Frameworks */,
				FAAFAF8D286E107C002B2154 /* Resources */,
			);
			buildRules = (
			);
			dependencies = (
			);
			name = "AR Camera";
			productName = "AR Camera";
			productReference = FAAFAF8F286E107C002B2154 /* AR Camera.app */;
			productType = "com.apple.product-type.application";
		};
/* End PBXNativeTarget section */

/* Begin PBXProject section */
		FAAFAF87286E107C002B2154 /* Project object */ = {
			isa = PBXProject;
			attributes = {
				BuildIndependentTargetsInParallel = 1;
				LastSwiftUpdateCheck = 1310;
				LastUpgradeCheck = 1310;
				TargetAttributes = {
					FAAFAF8E286E107C002B2154 = {
						CreatedOnToolsVersion = 13.1;
					};
				};
			};
			buildConfigurationList = FAAFAF8A286E107C002B2154 /* Build configuration list for PBXProject "AR Camera" */;
			compatibilityVersion = "Xcode 13.0";
			developmentRegion = en;
			hasScannedForEncodings = 0;
			knownRegions = (
				en,
				Base,
			);
			mainGroup = FAAFAF86286E107C002B2154;
			productRefGroup = FAAFAF90286E107C002B2154 /* Products */;
			projectDirPath = "";
			projectRoot = "";
			targets = (
				FAAFAF8E286E107C002B2154 /* AR Camera */,
			);
		};
/* End PBXProject section */

/* Begin PBXResourcesBuildPhase section */
		FAAFAF8D286E107C002B2154 /* Resources */ = {
			isa = PBXResourcesBuildPhase;
			buildActionMask = 2147483647;
			files = (
				FAAFAF9F286E107E002B2154 /* LaunchScreen.storyboard in Resources */,
				FA75E488286F6E1D00F4854F /* CameraViewController.xib in Resources */,
				FAAFAF9C286E107E002B2154 /* Assets.xcassets in Resources */,
				FAAFAF9A286E107D002B2154 /* Main.storyboard in Resources */,
			);
			runOnlyForDeploymentPostprocessing = 0;
		};
/* End PBXResourcesBuildPhase section */

/* Begin PBXSourcesBuildPhase section */
		FAAFAF8B286E107C002B2154 /* Sources */ = {
			isa = PBXSourcesBuildPhase;
			buildActionMask = 2147483647;
			files = (
				FAAFAF97286E107D002B2154 /* HomeViewController.swift in Sources */,
				FADBB4892874B44500AC0D32 /* RecordingListViewController.swift in Sources */,
				FA633D1C2881607B00812927 /* VideoCollectionViewCell.swift in Sources */,
				FA75E484286F22E000F4854F /* CornerRadius.swift in Sources */,
				FAAFAF93286E107D002B2154 /* AppDelegate.swift in Sources */,
				FA75E482286F205900F4854F /* CustomButton.swift in Sources */,
				FA75E49028704A3B00F4854F /* PopUpWindow.swift in Sources */,
				FAAFAF95286E107D002B2154 /* SceneDelegate.swift in Sources */,
				FA75E48A286F6F1300F4854F /* CameraConfiguration.swift in Sources */,
				FAAFAFB2286E1EA3002B2154 /* Utilities.swift in Sources */,
				FA96EA3D2882B446004FB338 /* URL+VideoPreviewThumbnail.swift in Sources */,
				FAAFAFA8286E1D25002B2154 /* Extensions.swift in Sources */,
				FA75E48E286F6FCB00F4854F /* CameraViewController.swift in Sources */,
				FA633D1A28814FFF00812927 /* MediaObjects.swift in Sources */,
				FA633D2028819F5700812927 /* MediaObjectSingleton.swift in Sources */,
			);
			runOnlyForDeploymentPostprocessing = 0;
		};
/* End PBXSourcesBuildPhase section */

/* Begin PBXVariantGroup section */
		FAAFAF98286E107D002B2154 /* Main.storyboard */ = {
			isa = PBXVariantGroup;
			children = (
				FAAFAF99286E107D002B2154 /* Base */,
			);
			name = Main.storyboard;
			sourceTree = "<group>";
		};
		FAAFAF9D286E107E002B2154 /* LaunchScreen.storyboard */ = {
			isa = PBXVariantGroup;
			children = (
				FAAFAF9E286E107E002B2154 /* Base */,
			);
			name = LaunchScreen.storyboard;
			sourceTree = "<group>";
		};
/* End PBXVariantGroup section */

/* Begin XCBuildConfiguration section */
		FAAFAFA1286E107E002B2154 /* Debug */ = {
			isa = XCBuildConfiguration;
			buildSettings = {
				ALWAYS_SEARCH_USER_PATHS = NO;
				CLANG_ANALYZER_NONNULL = YES;
				CLANG_ANALYZER_NUMBER_OBJECT_CONVERSION = YES_AGGRESSIVE;
				CLANG_CXX_LANGUAGE_STANDARD = "gnu++17";
				CLANG_CXX_LIBRARY = "libc++";
				CLANG_ENABLE_MODULES = YES;
				CLANG_ENABLE_OBJC_ARC = YES;
				CLANG_ENABLE_OBJC_WEAK = YES;
				CLANG_WARN_BLOCK_CAPTURE_AUTORELEASING = YES;
				CLANG_WARN_BOOL_CONVERSION = YES;
				CLANG_WARN_COMMA = YES;
				CLANG_WARN_CONSTANT_CONVERSION = YES;
				CLANG_WARN_DEPRECATED_OBJC_IMPLEMENTATIONS = YES;
				CLANG_WARN_DIRECT_OBJC_ISA_USAGE = YES_ERROR;
				CLANG_WARN_DOCUMENTATION_COMMENTS = YES;
				CLANG_WARN_EMPTY_BODY = YES;
				CLANG_WARN_ENUM_CONVERSION = YES;
				CLANG_WARN_INFINITE_RECURSION = YES;
				CLANG_WARN_INT_CONVERSION = YES;
				CLANG_WARN_NON_LITERAL_NULL_CONVERSION = YES;
				CLANG_WARN_OBJC_IMPLICIT_RETAIN_SELF = YES;
				CLANG_WARN_OBJC_LITERAL_CONVERSION = YES;
				CLANG_WARN_OBJC_ROOT_CLASS = YES_ERROR;
				CLANG_WARN_QUOTED_INCLUDE_IN_FRAMEWORK_HEADER = YES;
				CLANG_WARN_RANGE_LOOP_ANALYSIS = YES;
				CLANG_WARN_STRICT_PROTOTYPES = YES;
				CLANG_WARN_SUSPICIOUS_MOVE = YES;
				CLANG_WARN_UNGUARDED_AVAILABILITY = YES_AGGRESSIVE;
				CLANG_WARN_UNREACHABLE_CODE = YES;
				CLANG_WARN__DUPLICATE_METHOD_MATCH = YES;
				COPY_PHASE_STRIP = NO;
				DEBUG_INFORMATION_FORMAT = dwarf;
				ENABLE_STRICT_OBJC_MSGSEND = YES;
				ENABLE_TESTABILITY = YES;
				GCC_C_LANGUAGE_STANDARD = gnu11;
				GCC_DYNAMIC_NO_PIC = NO;
				GCC_NO_COMMON_BLOCKS = YES;
				GCC_OPTIMIZATION_LEVEL = 0;
				GCC_PREPROCESSOR_DEFINITIONS = (
					"DEBUG=1",
					"$(inherited)",
				);
				GCC_WARN_64_TO_32_BIT_CONVERSION = YES;
				GCC_WARN_ABOUT_RETURN_TYPE = YES_ERROR;
				GCC_WARN_UNDECLARED_SELECTOR = YES;
				GCC_WARN_UNINITIALIZED_AUTOS = YES_AGGRESSIVE;
				GCC_WARN_UNUSED_FUNCTION = YES;
				GCC_WARN_UNUSED_VARIABLE = YES;
				IPHONEOS_DEPLOYMENT_TARGET = 15.0;
				MTL_ENABLE_DEBUG_INFO = INCLUDE_SOURCE;
				MTL_FAST_MATH = YES;
				ONLY_ACTIVE_ARCH = YES;
				SDKROOT = iphoneos;
				SWIFT_ACTIVE_COMPILATION_CONDITIONS = DEBUG;
				SWIFT_OPTIMIZATION_LEVEL = "-Onone";
			};
			name = Debug;
		};
		FAAFAFA2286E107E002B2154 /* Release */ = {
			isa = XCBuildConfiguration;
			buildSettings = {
				ALWAYS_SEARCH_USER_PATHS = NO;
				CLANG_ANALYZER_NONNULL = YES;
				CLANG_ANALYZER_NUMBER_OBJECT_CONVERSION = YES_AGGRESSIVE;
				CLANG_CXX_LANGUAGE_STANDARD = "gnu++17";
				CLANG_CXX_LIBRARY = "libc++";
				CLANG_ENABLE_MODULES = YES;
				CLANG_ENABLE_OBJC_ARC = YES;
				CLANG_ENABLE_OBJC_WEAK = YES;
				CLANG_WARN_BLOCK_CAPTURE_AUTORELEASING = YES;
				CLANG_WARN_BOOL_CONVERSION = YES;
				CLANG_WARN_COMMA = YES;
				CLANG_WARN_CONSTANT_CONVERSION = YES;
				CLANG_WARN_DEPRECATED_OBJC_IMPLEMENTATIONS = YES;
				CLANG_WARN_DIRECT_OBJC_ISA_USAGE = YES_ERROR;
				CLANG_WARN_DOCUMENTATION_COMMENTS = YES;
				CLANG_WARN_EMPTY_BODY = YES;
				CLANG_WARN_ENUM_CONVERSION = YES;
				CLANG_WARN_INFINITE_RECURSION = YES;
				CLANG_WARN_INT_CONVERSION = YES;
				CLANG_WARN_NON_LITERAL_NULL_CONVERSION = YES;
				CLANG_WARN_OBJC_IMPLICIT_RETAIN_SELF = YES;
				CLANG_WARN_OBJC_LITERAL_CONVERSION = YES;
				CLANG_WARN_OBJC_ROOT_CLASS = YES_ERROR;
				CLANG_WARN_QUOTED_INCLUDE_IN_FRAMEWORK_HEADER = YES;
				CLANG_WARN_RANGE_LOOP_ANALYSIS = YES;
				CLANG_WARN_STRICT_PROTOTYPES = YES;
				CLANG_WARN_SUSPICIOUS_MOVE = YES;
				CLANG_WARN_UNGUARDED_AVAILABILITY = YES_AGGRESSIVE;
				CLANG_WARN_UNREACHABLE_CODE = YES;
				CLANG_WARN__DUPLICATE_METHOD_MATCH = YES;
				COPY_PHASE_STRIP = NO;
				DEBUG_INFORMATION_FORMAT = "dwarf-with-dsym";
				ENABLE_NS_ASSERTIONS = NO;
				ENABLE_STRICT_OBJC_MSGSEND = YES;
				GCC_C_LANGUAGE_STANDARD = gnu11;
				GCC_NO_COMMON_BLOCKS = YES;
				GCC_WARN_64_TO_32_BIT_CONVERSION = YES;
				GCC_WARN_ABOUT_RETURN_TYPE = YES_ERROR;
				GCC_WARN_UNDECLARED_SELECTOR = YES;
				GCC_WARN_UNINITIALIZED_AUTOS = YES_AGGRESSIVE;
				GCC_WARN_UNUSED_FUNCTION = YES;
				GCC_WARN_UNUSED_VARIABLE = YES;
				IPHONEOS_DEPLOYMENT_TARGET = 15.0;
				MTL_ENABLE_DEBUG_INFO = NO;
				MTL_FAST_MATH = YES;
				SDKROOT = iphoneos;
				SWIFT_COMPILATION_MODE = wholemodule;
				SWIFT_OPTIMIZATION_LEVEL = "-O";
				VALIDATE_PRODUCT = YES;
			};
			name = Release;
		};
		FAAFAFA4286E107E002B2154 /* Debug */ = {
			isa = XCBuildConfiguration;
			buildSettings = {
				ASSETCATALOG_COMPILER_APPICON_NAME = AppIcon;
				ASSETCATALOG_COMPILER_GLOBAL_ACCENT_COLOR_NAME = AccentColor;
				CODE_SIGN_STYLE = Automatic;
				CURRENT_PROJECT_VERSION = 1;
				DEVELOPMENT_TEAM = NM8JJUDFSC;
				GENERATE_INFOPLIST_FILE = YES;
				INFOPLIST_FILE = "AR Camera/Info.plist";
				INFOPLIST_KEY_UIApplicationSupportsIndirectInputEvents = YES;
				INFOPLIST_KEY_UILaunchStoryboardName = LaunchScreen;
				INFOPLIST_KEY_UIMainStoryboardFile = Main;
				INFOPLIST_KEY_UISupportedInterfaceOrientations_iPad = "UIInterfaceOrientationPortrait UIInterfaceOrientationPortraitUpsideDown UIInterfaceOrientationLandscapeLeft UIInterfaceOrientationLandscapeRight";
				INFOPLIST_KEY_UISupportedInterfaceOrientations_iPhone = "UIInterfaceOrientationPortrait UIInterfaceOrientationLandscapeLeft UIInterfaceOrientationLandscapeRight";
				IPHONEOS_DEPLOYMENT_TARGET = 14.0;
				LD_RUNPATH_SEARCH_PATHS = (
					"$(inherited)",
					"@executable_path/Frameworks",
				);
				MARKETING_VERSION = 1.0;
				PRODUCT_BUNDLE_IDENTIFIER = "com.jocforditsolutions.AR-Camera";
				PRODUCT_NAME = "$(TARGET_NAME)";
				SWIFT_EMIT_LOC_STRINGS = YES;
				SWIFT_VERSION = 5.0;
				TARGETED_DEVICE_FAMILY = "1,2";
			};
			name = Debug;
		};
		FAAFAFA5286E107E002B2154 /* Release */ = {
			isa = XCBuildConfiguration;
			buildSettings = {
				ASSETCATALOG_COMPILER_APPICON_NAME = AppIcon;
				ASSETCATALOG_COMPILER_GLOBAL_ACCENT_COLOR_NAME = AccentColor;
				CODE_SIGN_STYLE = Automatic;
				CURRENT_PROJECT_VERSION = 1;
				DEVELOPMENT_TEAM = NM8JJUDFSC;
				GENERATE_INFOPLIST_FILE = YES;
				INFOPLIST_FILE = "AR Camera/Info.plist";
				INFOPLIST_KEY_UIApplicationSupportsIndirectInputEvents = YES;
				INFOPLIST_KEY_UILaunchStoryboardName = LaunchScreen;
				INFOPLIST_KEY_UIMainStoryboardFile = Main;
				INFOPLIST_KEY_UISupportedInterfaceOrientations_iPad = "UIInterfaceOrientationPortrait UIInterfaceOrientationPortraitUpsideDown UIInterfaceOrientationLandscapeLeft UIInterfaceOrientationLandscapeRight";
				INFOPLIST_KEY_UISupportedInterfaceOrientations_iPhone = "UIInterfaceOrientationPortrait UIInterfaceOrientationLandscapeLeft UIInterfaceOrientationLandscapeRight";
				IPHONEOS_DEPLOYMENT_TARGET = 14.0;
				LD_RUNPATH_SEARCH_PATHS = (
					"$(inherited)",
					"@executable_path/Frameworks",
				);
				MARKETING_VERSION = 1.0;
				PRODUCT_BUNDLE_IDENTIFIER = "com.jocforditsolutions.AR-Camera";
				PRODUCT_NAME = "$(TARGET_NAME)";
				SWIFT_EMIT_LOC_STRINGS = YES;
				SWIFT_VERSION = 5.0;
				TARGETED_DEVICE_FAMILY = "1,2";
			};
			name = Release;
		};
/* End XCBuildConfiguration section */

/* Begin XCConfigurationList section */
		FAAFAF8A286E107C002B2154 /* Build configuration list for PBXProject "AR Camera" */ = {
			isa = XCConfigurationList;
			buildConfigurations = (
				FAAFAFA1286E107E002B2154 /* Debug */,
				FAAFAFA2286E107E002B2154 /* Release */,
			);
			defaultConfigurationIsVisible = 0;
			defaultConfigurationName = Release;
		};
		FAAFAFA3286E107E002B2154 /* Build configuration list for PBXNativeTarget "AR Camera" */ = {
			isa = XCConfigurationList;
			buildConfigurations = (
				FAAFAFA4286E107E002B2154 /* Debug */,
				FAAFAFA5286E107E002B2154 /* Release */,
			);
			defaultConfigurationIsVisible = 0;
			defaultConfigurationName = Release;
		};
/* End XCConfigurationList section */
	};
	rootObject = FAAFAF87286E107C002B2154 /* Project object */;
}
